// !$*UTF8*$!
{
	archiveVersion = 1;
	classes = {
	};
	objectVersion = 46;
	objects = {

/* Begin PBXBuildFile section */
		FA51534819FF9761009A7726 /* main.m in Sources */ = {isa = PBXBuildFile; fileRef = FA51534719FF9761009A7726 /* main.m */; };
		FA51534B19FF9761009A7726 /* AppDelegate.m in Sources */ = {isa = PBXBuildFile; fileRef = FA51534A19FF9761009A7726 /* AppDelegate.m */; };
		FA51534E19FF9761009A7726 /* ViewController.m in Sources */ = {isa = PBXBuildFile; fileRef = FA51534D19FF9761009A7726 /* ViewController.m */; };
		FA51535319FF9761009A7726 /* Images.xcassets in Resources */ = {isa = PBXBuildFile; fileRef = FA51535219FF9761009A7726 /* Images.xcassets */; };
		FA51536219FF9762009A7726 /* ZoomEngineTests.m in Sources */ = {isa = PBXBuildFile; fileRef = FA51536119FF9762009A7726 /* ZoomEngineTests.m */; };
		FA51536D19FF97F7009A7726 /* ZoomView.m in Sources */ = {isa = PBXBuildFile; fileRef = FA51536C19FF97F7009A7726 /* ZoomView.m */; };
		FA51537019FF9FF5009A7726 /* ZoomTarget.m in Sources */ = {isa = PBXBuildFile; fileRef = FA51536F19FF9FF5009A7726 /* ZoomTarget.m */; };
/* End PBXBuildFile section */

/* Begin PBXContainerItemProxy section */
		FA51535C19FF9762009A7726 /* PBXContainerItemProxy */ = {
			isa = PBXContainerItemProxy;
			containerPortal = FA51533A19FF9761009A7726 /* Project object */;
			proxyType = 1;
			remoteGlobalIDString = FA51534119FF9761009A7726;
			remoteInfo = ZoomEngine;
		};
/* End PBXContainerItemProxy section */

/* Begin PBXFileReference section */
		FA51534219FF9761009A7726 /* ZoomEngine.app */ = {isa = PBXFileReference; explicitFileType = wrapper.application; includeInIndex = 0; path = ZoomEngine.app; sourceTree = BUILT_PRODUCTS_DIR; };
		FA51534619FF9761009A7726 /* Info.plist */ = {isa = PBXFileReference; lastKnownFileType = text.plist.xml; path = Info.plist; sourceTree = "<group>"; };
		FA51534719FF9761009A7726 /* main.m */ = {isa = PBXFileReference; lastKnownFileType = sourcecode.c.objc; path = main.m; sourceTree = "<group>"; };
		FA51534919FF9761009A7726 /* AppDelegate.h */ = {isa = PBXFileReference; lastKnownFileType = sourcecode.c.h; path = AppDelegate.h; sourceTree = "<group>"; };
		FA51534A19FF9761009A7726 /* AppDelegate.m */ = {isa = PBXFileReference; lastKnownFileType = sourcecode.c.objc; path = AppDelegate.m; sourceTree = "<group>"; };
		FA51534C19FF9761009A7726 /* ViewController.h */ = {isa = PBXFileReference; lastKnownFileType = sourcecode.c.h; path = ViewController.h; sourceTree = "<group>"; };
		FA51534D19FF9761009A7726 /* ViewController.m */ = {isa = PBXFileReference; lastKnownFileType = sourcecode.c.objc; path = ViewController.m; sourceTree = "<group>"; };
		FA51535219FF9761009A7726 /* Images.xcassets */ = {isa = PBXFileReference; lastKnownFileType = folder.assetcatalog; path = Images.xcassets; sourceTree = "<group>"; };
		FA51535B19FF9762009A7726 /* ZoomEngineTests.xctest */ = {isa = PBXFileReference; explicitFileType = wrapper.cfbundle; includeInIndex = 0; path = ZoomEngineTests.xctest; sourceTree = BUILT_PRODUCTS_DIR; };
		FA51536019FF9762009A7726 /* Info.plist */ = {isa = PBXFileReference; lastKnownFileType = text.plist.xml; path = Info.plist; sourceTree = "<group>"; };
		FA51536119FF9762009A7726 /* ZoomEngineTests.m */ = {isa = PBXFileReference; lastKnownFileType = sourcecode.c.objc; path = ZoomEngineTests.m; sourceTree = "<group>"; };
		FA51536B19FF97F7009A7726 /* ZoomView.h */ = {isa = PBXFileReference; fileEncoding = 4; lastKnownFileType = sourcecode.c.h; path = ZoomView.h; sourceTree = "<group>"; };
		FA51536C19FF97F7009A7726 /* ZoomView.m */ = {isa = PBXFileReference; fileEncoding = 4; lastKnownFileType = sourcecode.c.objc; path = ZoomView.m; sourceTree = "<group>"; };
		FA51536E19FF9FF5009A7726 /* ZoomTarget.h */ = {isa = PBXFileReference; fileEncoding = 4; lastKnownFileType = sourcecode.c.h; path = ZoomTarget.h; sourceTree = "<group>"; };
		FA51536F19FF9FF5009A7726 /* ZoomTarget.m */ = {isa = PBXFileReference; fileEncoding = 4; lastKnownFileType = sourcecode.c.objc; path = ZoomTarget.m; sourceTree = "<group>"; };
/* End PBXFileReference section */

/* Begin PBXFrameworksBuildPhase section */
		FA51533F19FF9761009A7726 /* Frameworks */ = {
			isa = PBXFrameworksBuildPhase;
			buildActionMask = 2147483647;
			files = (
			);
			runOnlyForDeploymentPostprocessing = 0;
		};
		FA51535819FF9762009A7726 /* Frameworks */ = {
			isa = PBXFrameworksBuildPhase;
			buildActionMask = 2147483647;
			files = (
			);
			runOnlyForDeploymentPostprocessing = 0;
		};
/* End PBXFrameworksBuildPhase section */

/* Begin PBXGroup section */
		FA51533919FF9761009A7726 = {
			isa = PBXGroup;
			children = (
				FA51534419FF9761009A7726 /* ZoomEngine */,
				FA51535E19FF9762009A7726 /* ZoomEngineTests */,
				FA51534319FF9761009A7726 /* Products */,
			);
			sourceTree = "<group>";
		};
		FA51534319FF9761009A7726 /* Products */ = {
			isa = PBXGroup;
			children = (
				FA51534219FF9761009A7726 /* ZoomEngine.app */,
				FA51535B19FF9762009A7726 /* ZoomEngineTests.xctest */,
			);
			name = Products;
			sourceTree = "<group>";
		};
		FA51534419FF9761009A7726 /* ZoomEngine */ = {
			isa = PBXGroup;
			children = (
				FA51534919FF9761009A7726 /* AppDelegate.h */,
				FA51534A19FF9761009A7726 /* AppDelegate.m */,
				FA51534C19FF9761009A7726 /* ViewController.h */,
				FA51534D19FF9761009A7726 /* ViewController.m */,
				FA51536B19FF97F7009A7726 /* ZoomView.h */,
				FA51536C19FF97F7009A7726 /* ZoomView.m */,
				FA51536E19FF9FF5009A7726 /* ZoomTarget.h */,
				FA51536F19FF9FF5009A7726 /* ZoomTarget.m */,
				FA51535219FF9761009A7726 /* Images.xcassets */,
				FA51534519FF9761009A7726 /* Supporting Files */,
			);
			path = ZoomEngine;
			sourceTree = "<group>";
		};
		FA51534519FF9761009A7726 /* Supporting Files */ = {
			isa = PBXGroup;
			children = (
				FA51534619FF9761009A7726 /* Info.plist */,
				FA51534719FF9761009A7726 /* main.m */,
			);
			name = "Supporting Files";
			sourceTree = "<group>";
		};
		FA51535E19FF9762009A7726 /* ZoomEngineTests */ = {
			isa = PBXGroup;
			children = (
				FA51536119FF9762009A7726 /* ZoomEngineTests.m */,
				FA51535F19FF9762009A7726 /* Supporting Files */,
			);
			path = ZoomEngineTests;
			sourceTree = "<group>";
		};
		FA51535F19FF9762009A7726 /* Supporting Files */ = {
			isa = PBXGroup;
			children = (
				FA51536019FF9762009A7726 /* Info.plist */,
			);
			name = "Supporting Files";
			sourceTree = "<group>";
		};
/* End PBXGroup section */

/* Begin PBXNativeTarget section */
		FA51534119FF9761009A7726 /* ZoomEngine */ = {
			isa = PBXNativeTarget;
			buildConfigurationList = FA51536519FF9762009A7726 /* Build configuration list for PBXNativeTarget "ZoomEngine" */;
			buildPhases = (
				FA51533E19FF9761009A7726 /* Sources */,
				FA51533F19FF9761009A7726 /* Frameworks */,
				FA51534019FF9761009A7726 /* Resources */,
			);
			buildRules = (
			);
			dependencies = (
			);
			name = ZoomEngine;
			productName = ZoomEngine;
			productReference = FA51534219FF9761009A7726 /* ZoomEngine.app */;
			productType = "com.apple.product-type.application";
		};
		FA51535A19FF9762009A7726 /* ZoomEngineTests */ = {
			isa = PBXNativeTarget;
			buildConfigurationList = FA51536819FF9762009A7726 /* Build configuration list for PBXNativeTarget "ZoomEngineTests" */;
			buildPhases = (
				FA51535719FF9762009A7726 /* Sources */,
				FA51535819FF9762009A7726 /* Frameworks */,
				FA51535919FF9762009A7726 /* Resources */,
			);
			buildRules = (
			);
			dependencies = (
				FA51535D19FF9762009A7726 /* PBXTargetDependency */,
			);
			name = ZoomEngineTests;
			productName = ZoomEngineTests;
			productReference = FA51535B19FF9762009A7726 /* ZoomEngineTests.xctest */;
			productType = "com.apple.product-type.bundle.unit-test";
		};
/* End PBXNativeTarget section */

/* Begin PBXProject section */
		FA51533A19FF9761009A7726 /* Project object */ = {
			isa = PBXProject;
			attributes = {
				LastUpgradeCheck = 0610;
				ORGANIZATIONNAME = Fullscreen;
				TargetAttributes = {
					FA51534119FF9761009A7726 = {
						CreatedOnToolsVersion = 6.1;
					};
					FA51535A19FF9762009A7726 = {
						CreatedOnToolsVersion = 6.1;
						TestTargetID = FA51534119FF9761009A7726;
					};
				};
			};
			buildConfigurationList = FA51533D19FF9761009A7726 /* Build configuration list for PBXProject "ZoomEngine" */;
			compatibilityVersion = "Xcode 3.2";
			developmentRegion = English;
			hasScannedForEncodings = 0;
			knownRegions = (
				en,
				Base,
			);
			mainGroup = FA51533919FF9761009A7726;
			productRefGroup = FA51534319FF9761009A7726 /* Products */;
			projectDirPath = "";
			projectRoot = "";
			targets = (
				FA51534119FF9761009A7726 /* ZoomEngine */,
				FA51535A19FF9762009A7726 /* ZoomEngineTests */,
			);
		};
/* End PBXProject section */

/* Begin PBXResourcesBuildPhase section */
		FA51534019FF9761009A7726 /* Resources */ = {
			isa = PBXResourcesBuildPhase;
			buildActionMask = 2147483647;
			files = (
				FA51535319FF9761009A7726 /* Images.xcassets in Resources */,
			);
			runOnlyForDeploymentPostprocessing = 0;
		};
		FA51535919FF9762009A7726 /* Resources */ = {
			isa = PBXResourcesBuildPhase;
			buildActionMask = 2147483647;
			files = (
			);
			runOnlyForDeploymentPostprocessing = 0;
		};
/* End PBXResourcesBuildPhase section */

/* Begin PBXSourcesBuildPhase section */
		FA51533E19FF9761009A7726 /* Sources */ = {
			isa = PBXSourcesBuildPhase;
			buildActionMask = 2147483647;
			files = (
				FA51537019FF9FF5009A7726 /* ZoomTarget.m in Sources */,
				FA51534E19FF9761009A7726 /* ViewController.m in Sources */,
				FA51536D19FF97F7009A7726 /* ZoomView.m in Sources */,
				FA51534B19FF9761009A7726 /* AppDelegate.m in Sources */,
				FA51534819FF9761009A7726 /* main.m in Sources */,
			);
			runOnlyForDeploymentPostprocessing = 0;
		};
		FA51535719FF9762009A7726 /* Sources */ = {
			isa = PBXSourcesBuildPhase;
			buildActionMask = 2147483647;
			files = (
				FA51536219FF9762009A7726 /* ZoomEngineTests.m in Sources */,
			);
			runOnlyForDeploymentPostprocessing = 0;
		};
/* End PBXSourcesBuildPhase section */

/* Begin PBXTargetDependency section */
		FA51535D19FF9762009A7726 /* PBXTargetDependency */ = {
			isa = PBXTargetDependency;
			target = FA51534119FF9761009A7726 /* ZoomEngine */;
			targetProxy = FA51535C19FF9762009A7726 /* PBXContainerItemProxy */;
		};
/* End PBXTargetDependency section */

/* Begin XCBuildConfiguration section */
		FA51536319FF9762009A7726 /* Debug */ = {
			isa = XCBuildConfiguration;
			buildSettings = {
				ALWAYS_SEARCH_USER_PATHS = NO;
				CLANG_CXX_LANGUAGE_STANDARD = "gnu++0x";
				CLANG_CXX_LIBRARY = "libc++";
				CLANG_ENABLE_MODULES = YES;
				CLANG_ENABLE_OBJC_ARC = YES;
				CLANG_WARN_BOOL_CONVERSION = YES;
				CLANG_WARN_CONSTANT_CONVERSION = YES;
				CLANG_WARN_DIRECT_OBJC_ISA_USAGE = YES_ERROR;
				CLANG_WARN_EMPTY_BODY = YES;
				CLANG_WARN_ENUM_CONVERSION = YES;
				CLANG_WARN_INT_CONVERSION = YES;
				CLANG_WARN_OBJC_ROOT_CLASS = YES_ERROR;
				CLANG_WARN_UNREACHABLE_CODE = YES;
				CLANG_WARN__DUPLICATE_METHOD_MATCH = YES;
				"CODE_SIGN_IDENTITY[sdk=iphoneos*]" = "iPhone Developer";
				COPY_PHASE_STRIP = NO;
				ENABLE_STRICT_OBJC_MSGSEND = YES;
				GCC_C_LANGUAGE_STANDARD = gnu99;
				GCC_DYNAMIC_NO_PIC = NO;
				GCC_OPTIMIZATION_LEVEL = 0;
				GCC_PREPROCESSOR_DEFINITIONS = (
					"DEBUG=1",
					"$(inherited)",
				);
				GCC_SYMBOLS_PRIVATE_EXTERN = NO;
				GCC_WARN_64_TO_32_BIT_CONVERSION = YES;
				GCC_WARN_ABOUT_RETURN_TYPE = YES_ERROR;
				GCC_WARN_UNDECLARED_SELECTOR = YES;
				GCC_WARN_UNINITIALIZED_AUTOS = YES_AGGRESSIVE;
				GCC_WARN_UNUSED_FUNCTION = YES;
				GCC_WARN_UNUSED_VARIABLE = YES;
				IPHONEOS_DEPLOYMENT_TARGET = 8.1;
				MTL_ENABLE_DEBUG_INFO = YES;
				ONLY_ACTIVE_ARCH = YES;
				SDKROOT = iphoneos;
				TARGETED_DEVICE_FAMILY = 2;
			};
			name = Debug;
		};
		FA51536419FF9762009A7726 /* Release */ = {
			isa = XCBuildConfiguration;
			buildSettings = {
				ALWAYS_SEARCH_USER_PATHS = NO;
				CLANG_CXX_LANGUAGE_STANDARD = "gnu++0x";
				CLANG_CXX_LIBRARY = "libc++";
				CLANG_ENABLE_MODULES = YES;
				CLANG_ENABLE_OBJC_ARC = YES;
				CLANG_WARN_BOOL_CONVERSION = YES;
				CLANG_WARN_CONSTANT_CONVERSION = YES;
				CLANG_WARN_DIRECT_OBJC_ISA_USAGE = YES_ERROR;
				CLANG_WARN_EMPTY_BODY = YES;
				CLANG_WARN_ENUM_CONVERSION = YES;
				CLANG_WARN_INT_CONVERSION = YES;
				CLANG_WARN_OBJC_ROOT_CLASS = YES_ERROR;
				CLANG_WARN_UNREACHABLE_CODE = YES;
				CLANG_WARN__DUPLICATE_METHOD_MATCH = YES;
				"CODE_SIGN_IDENTITY[sdk=iphoneos*]" = "iPhone Developer";
				COPY_PHASE_STRIP = YES;
				ENABLE_NS_ASSERTIONS = NO;
				ENABLE_STRICT_OBJC_MSGSEND = YES;
				GCC_C_LANGUAGE_STANDARD = gnu99;
				GCC_WARN_64_TO_32_BIT_CONVERSION = YES;
				GCC_WARN_ABOUT_RETURN_TYPE = YES_ERROR;
				GCC_WARN_UNDECLARED_SELECTOR = YES;
				GCC_WARN_UNINITIALIZED_AUTOS = YES_AGGRESSIVE;
				GCC_WARN_UNUSED_FUNCTION = YES;
				GCC_WARN_UNUSED_VARIABLE = YES;
				IPHONEOS_DEPLOYMENT_TARGET = 8.1;
				MTL_ENABLE_DEBUG_INFO = NO;
				SDKROOT = iphoneos;
				TARGETED_DEVICE_FAMILY = 2;
				VALIDATE_PRODUCT = YES;
			};
			name = Release;
		};
		FA51536619FF9762009A7726 /* Debug */ = {
			isa = XCBuildConfiguration;
			buildSettings = {
				ASSETCATALOG_COMPILER_APPICON_NAME = AppIcon;
				INFOPLIST_FILE = ZoomEngine/Info.plist;
				LD_RUNPATH_SEARCH_PATHS = "$(inherited) @executable_path/Frameworks";
				PRODUCT_NAME = "$(TARGET_NAME)";
			};
			name = Debug;
		};
		FA51536719FF9762009A7726 /* Release */ = {
			isa = XCBuildConfiguration;
			buildSettings = {
				ASSETCATALOG_COMPILER_APPICON_NAME = AppIcon;
				INFOPLIST_FILE = ZoomEngine/Info.plist;
				LD_RUNPATH_SEARCH_PATHS = "$(inherited) @executable_path/Frameworks";
				PRODUCT_NAME = "$(TARGET_NAME)";
			};
			name = Release;
		};
		FA51536919FF9762009A7726 /* Debug */ = {
			isa = XCBuildConfiguration;
			buildSettings = {
				BUNDLE_LOADER = "$(TEST_HOST)";
				FRAMEWORK_SEARCH_PATHS = (
					"$(SDKROOT)/Developer/Library/Frameworks",
					"$(inherited)",
				);
				GCC_PREPROCESSOR_DEFINITIONS = (
					"DEBUG=1",
					"$(inherited)",
				);
				INFOPLIST_FILE = ZoomEngineTests/Info.plist;
				LD_RUNPATH_SEARCH_PATHS = "$(inherited) @executable_path/Frameworks @loader_path/Frameworks";
				PRODUCT_NAME = "$(TARGET_NAME)";
				TEST_HOST = "$(BUILT_PRODUCTS_DIR)/ZoomEngine.app/ZoomEngine";
			};
			name = Debug;
		};
		FA51536A19FF9762009A7726 /* Release */ = {
			isa = XCBuildConfiguration;
			buildSettings = {
				BUNDLE_LOADER = "$(TEST_HOST)";
				FRAMEWORK_SEARCH_PATHS = (
					"$(SDKROOT)/Developer/Library/Frameworks",
					"$(inherited)",
				);
				INFOPLIST_FILE = ZoomEngineTests/Info.plist;
				LD_RUNPATH_SEARCH_PATHS = "$(inherited) @executable_path/Frameworks @loader_path/Frameworks";
				PRODUCT_NAME = "$(TARGET_NAME)";
				TEST_HOST = "$(BUILT_PRODUCTS_DIR)/ZoomEngine.app/ZoomEngine";
			};
			name = Release;
		};
/* End XCBuildConfiguration section */

/* Begin XCConfigurationList section */
		FA51533D19FF9761009A7726 /* Build configuration list for PBXProject "ZoomEngine" */ = {
			isa = XCConfigurationList;
			buildConfigurations = (
				FA51536319FF9762009A7726 /* Debug */,
				FA51536419FF9762009A7726 /* Release */,
			);
			defaultConfigurationIsVisible = 0;
			defaultConfigurationName = Release;
		};
		FA51536519FF9762009A7726 /* Build configuration list for PBXNativeTarget "ZoomEngine" */ = {
			isa = XCConfigurationList;
			buildConfigurations = (
				FA51536619FF9762009A7726 /* Debug */,
				FA51536719FF9762009A7726 /* Release */,
			);
			defaultConfigurationIsVisible = 0;
			defaultConfigurationName = Release;
		};
		FA51536819FF9762009A7726 /* Build configuration list for PBXNativeTarget "ZoomEngineTests" */ = {
			isa = XCConfigurationList;
			buildConfigurations = (
				FA51536919FF9762009A7726 /* Debug */,
				FA51536A19FF9762009A7726 /* Release */,
			);
			defaultConfigurationIsVisible = 0;
			defaultConfigurationName = Release;
		};
/* End XCConfigurationList section */
	};
	rootObject = FA51533A19FF9761009A7726 /* Project object */;
}
